
Microsoft Visual Studio Solution File, Format Version 12.00
# Visual Studio Version 17
VisualStudioVersion = 17.8.34525.116
MinimumVisualStudioVersion = 10.0.40219.1
Project("{FAE04EC0-301F-11D3-BF4B-00C04F79EFBC}") = "TXT_1251", "TXT_1251\TXT_1251.csproj", "{4E5EEED9-798D-4C1C-AEA0-CF977A802EED}"
EndProject
Global
	GlobalSection(SolutionConfigurationPlatforms) = preSolution
		Debug|Any CPU = Debug|Any CPU
		Release|Any CPU = Release|Any CPU
	EndGlobalSection
	GlobalSection(ProjectConfigurationPlatforms) = postSolution
		{4E5EEED9-798D-4C1C-AEA0-CF977A802EED}.Debug|Any CPU.ActiveCfg = Debug|Any CPU
		{4E5EEED9-798D-4C1C-AEA0-CF977A802EED}.Debug|Any CPU.Build.0 = Debug|Any CPU
		{4E5EEED9-798D-4C1C-AEA0-CF977A802EED}.Release|Any CPU.ActiveCfg = Release|Any CPU
		{4E5EEED9-798D-4C1C-AEA0-CF977A802EED}.Release|Any CPU.Build.0 = Release|Any CPU
	EndGlobalSection
	GlobalSection(SolutionProperties) = preSolution
		HideSolutionNode = FALSE
	EndGlobalSection
	GlobalSection(ExtensibilityGlobals) = postSolution
		SolutionGuid = {39ACC157-E697-4BE6-B16D-08330A50C3FC}
	EndGlobalSection
EndGlobal
